// !$*UTF8*$!
{
	archiveVersion = 1;
	classes = {
	};
	objectVersion = 46;
	objects = {

/* Begin PBXBuildFile section */
		523626041E6569BA00B8EDAD /* main.m in Sources */ = {isa = PBXBuildFile; fileRef = 523626031E6569BA00B8EDAD /* main.m */; };
		523626071E6569BA00B8EDAD /* AppDelegate.m in Sources */ = {isa = PBXBuildFile; fileRef = 523626061E6569BA00B8EDAD /* AppDelegate.m */; };
		5236260A1E6569BA00B8EDAD /* ViewController.m in Sources */ = {isa = PBXBuildFile; fileRef = 523626091E6569BA00B8EDAD /* ViewController.m */; };
		5236260D1E6569BA00B8EDAD /* Main.storyboard in Resources */ = {isa = PBXBuildFile; fileRef = 5236260B1E6569BA00B8EDAD /* Main.storyboard */; };
		5236260F1E6569BA00B8EDAD /* Assets.xcassets in Resources */ = {isa = PBXBuildFile; fileRef = 5236260E1E6569BA00B8EDAD /* Assets.xcassets */; };
		523626121E6569BA00B8EDAD /* LaunchScreen.storyboard in Resources */ = {isa = PBXBuildFile; fileRef = 523626101E6569BA00B8EDAD /* LaunchScreen.storyboard */; };
		5236261C1E656A0100B8EDAD /* ZYSDrawboardView.m in Sources */ = {isa = PBXBuildFile; fileRef = 5236261B1E656A0100B8EDAD /* ZYSDrawboardView.m */; };
/* End PBXBuildFile section */

/* Begin PBXFileReference section */
		523625FF1E6569BA00B8EDAD /* ZYSDrawboardDemo.app */ = {isa = PBXFileReference; explicitFileType = wrapper.application; includeInIndex = 0; path = ZYSDrawboardDemo.app; sourceTree = BUILT_PRODUCTS_DIR; };
		523626031E6569BA00B8EDAD /* main.m */ = {isa = PBXFileReference; lastKnownFileType = sourcecode.c.objc; path = main.m; sourceTree = "<group>"; };
		523626051E6569BA00B8EDAD /* AppDelegate.h */ = {isa = PBXFileReference; lastKnownFileType = sourcecode.c.h; path = AppDelegate.h; sourceTree = "<group>"; };
		523626061E6569BA00B8EDAD /* AppDelegate.m */ = {isa = PBXFileReference; lastKnownFileType = sourcecode.c.objc; path = AppDelegate.m; sourceTree = "<group>"; };
		523626081E6569BA00B8EDAD /* ViewController.h */ = {isa = PBXFileReference; lastKnownFileType = sourcecode.c.h; path = ViewController.h; sourceTree = "<group>"; };
		523626091E6569BA00B8EDAD /* ViewController.m */ = {isa = PBXFileReference; lastKnownFileType = sourcecode.c.objc; path = ViewController.m; sourceTree = "<group>"; };
		5236260C1E6569BA00B8EDAD /* Base */ = {isa = PBXFileReference; lastKnownFileType = file.storyboard; name = Base; path = Base.lproj/Main.storyboard; sourceTree = "<group>"; };
		5236260E1E6569BA00B8EDAD /* Assets.xcassets */ = {isa = PBXFileReference; lastKnownFileType = folder.assetcatalog; path = Assets.xcassets; sourceTree = "<group>"; };
		523626111E6569BA00B8EDAD /* Base */ = {isa = PBXFileReference; lastKnownFileType = file.storyboard; name = Base; path = Base.lproj/LaunchScreen.storyboard; sourceTree = "<group>"; };
		523626131E6569BA00B8EDAD /* Info.plist */ = {isa = PBXFileReference; lastKnownFileType = text.plist.xml; path = Info.plist; sourceTree = "<group>"; };
		5236261A1E656A0100B8EDAD /* ZYSDrawboardView.h */ = {isa = PBXFileReference; fileEncoding = 4; lastKnownFileType = sourcecode.c.h; path = ZYSDrawboardView.h; sourceTree = "<group>"; };
		5236261B1E656A0100B8EDAD /* ZYSDrawboardView.m */ = {isa = PBXFileReference; fileEncoding = 4; lastKnownFileType = sourcecode.c.objc; path = ZYSDrawboardView.m; sourceTree = "<group>"; };
/* End PBXFileReference section */

/* Begin PBXFrameworksBuildPhase section */
		523625FC1E6569BA00B8EDAD /* Frameworks */ = {
			isa = PBXFrameworksBuildPhase;
			buildActionMask = 2147483647;
			files = (
			);
			runOnlyForDeploymentPostprocessing = 0;
		};
/* End PBXFrameworksBuildPhase section */

/* Begin PBXGroup section */
		523625F61E6569BA00B8EDAD = {
			isa = PBXGroup;
			children = (
				523626011E6569BA00B8EDAD /* ZYSDrawboardDemo */,
				523626001E6569BA00B8EDAD /* Products */,
			);
			sourceTree = "<group>";
		};
		523626001E6569BA00B8EDAD /* Products */ = {
			isa = PBXGroup;
			children = (
				523625FF1E6569BA00B8EDAD /* ZYSDrawboardDemo.app */,
			);
			name = Products;
			sourceTree = "<group>";
		};
		523626011E6569BA00B8EDAD /* ZYSDrawboardDemo */ = {
			isa = PBXGroup;
			children = (
				523626191E656A0100B8EDAD /* DrawboardView */,
				523626051E6569BA00B8EDAD /* AppDelegate.h */,
				523626061E6569BA00B8EDAD /* AppDelegate.m */,
				523626081E6569BA00B8EDAD /* ViewController.h */,
				523626091E6569BA00B8EDAD /* ViewController.m */,
				5236260B1E6569BA00B8EDAD /* Main.storyboard */,
				5236260E1E6569BA00B8EDAD /* Assets.xcassets */,
				523626101E6569BA00B8EDAD /* LaunchScreen.storyboard */,
				523626131E6569BA00B8EDAD /* Info.plist */,
				523626021E6569BA00B8EDAD /* Supporting Files */,
			);
			path = ZYSDrawboardDemo;
			sourceTree = "<group>";
		};
		523626021E6569BA00B8EDAD /* Supporting Files */ = {
			isa = PBXGroup;
			children = (
				523626031E6569BA00B8EDAD /* main.m */,
			);
			name = "Supporting Files";
			sourceTree = "<group>";
		};
		523626191E656A0100B8EDAD /* DrawboardView */ = {
			isa = PBXGroup;
			children = (
				5236261A1E656A0100B8EDAD /* ZYSDrawboardView.h */,
				5236261B1E656A0100B8EDAD /* ZYSDrawboardView.m */,
			);
			path = DrawboardView;
			sourceTree = "<group>";
		};
/* End PBXGroup section */

/* Begin PBXNativeTarget section */
		523625FE1E6569BA00B8EDAD /* ZYSDrawboardDemo */ = {
			isa = PBXNativeTarget;
			buildConfigurationList = 523626161E6569BA00B8EDAD /* Build configuration list for PBXNativeTarget "ZYSDrawboardDemo" */;
			buildPhases = (
				523625FB1E6569BA00B8EDAD /* Sources */,
				523625FC1E6569BA00B8EDAD /* Frameworks */,
				523625FD1E6569BA00B8EDAD /* Resources */,
			);
			buildRules = (
			);
			dependencies = (
			);
			name = ZYSDrawboardDemo;
			productName = ZYSDrawboardDemo;
			productReference = 523625FF1E6569BA00B8EDAD /* ZYSDrawboardDemo.app */;
			productType = "com.apple.product-type.application";
		};
/* End PBXNativeTarget section */

/* Begin PBXProject section */
		523625F71E6569BA00B8EDAD /* Project object */ = {
			isa = PBXProject;
			attributes = {
				LastUpgradeCheck = 0820;
				ORGANIZATIONNAME = XiYiChangXiang;
				TargetAttributes = {
					523625FE1E6569BA00B8EDAD = {
						CreatedOnToolsVersion = 8.2.1;
						ProvisioningStyle = Automatic;
					};
				};
			};
			buildConfigurationList = 523625FA1E6569BA00B8EDAD /* Build configuration list for PBXProject "ZYSDrawboardDemo" */;
			compatibilityVersion = "Xcode 3.2";
			developmentRegion = English;
			hasScannedForEncodings = 0;
			knownRegions = (
				en,
				Base,
			);
			mainGroup = 523625F61E6569BA00B8EDAD;
			productRefGroup = 523626001E6569BA00B8EDAD /* Products */;
			projectDirPath = "";
			projectRoot = "";
			targets = (
				523625FE1E6569BA00B8EDAD /* ZYSDrawboardDemo */,
			);
		};
/* End PBXProject section */

/* Begin PBXResourcesBuildPhase section */
		523625FD1E6569BA00B8EDAD /* Resources */ = {
			isa = PBXResourcesBuildPhase;
			buildActionMask = 2147483647;
			files = (
				523626121E6569BA00B8EDAD /* LaunchScreen.storyboard in Resources */,
				5236260F1E6569BA00B8EDAD /* Assets.xcassets in Resources */,
				5236260D1E6569BA00B8EDAD /* Main.storyboard in Resources */,
			);
			runOnlyForDeploymentPostprocessing = 0;
		};
/* End PBXResourcesBuildPhase section */

/* Begin PBXSourcesBuildPhase section */
		523625FB1E6569BA00B8EDAD /* Sources */ = {
			isa = PBXSourcesBuildPhase;
			buildActionMask = 2147483647;
			files = (
				5236261C1E656A0100B8EDAD /* ZYSDrawboardView.m in Sources */,
				5236260A1E6569BA00B8EDAD /* ViewController.m in Sources */,
				523626071E6569BA00B8EDAD /* AppDelegate.m in Sources */,
				523626041E6569BA00B8EDAD /* main.m in Sources */,
			);
			runOnlyForDeploymentPostprocessing = 0;
		};
/* End PBXSourcesBuildPhase section */

/* Begin PBXVariantGroup section */
		5236260B1E6569BA00B8EDAD /* Main.storyboard */ = {
			isa = PBXVariantGroup;
			children = (
				5236260C1E6569BA00B8EDAD /* Base */,
			);
			name = Main.storyboard;
			sourceTree = "<group>";
		};
		523626101E6569BA00B8EDAD /* LaunchScreen.storyboard */ = {
			isa = PBXVariantGroup;
			children = (
				523626111E6569BA00B8EDAD /* Base */,
			);
			name = LaunchScreen.storyboard;
			sourceTree = "<group>";
		};
/* End PBXVariantGroup section */

/* Begin XCBuildConfiguration section */
		523626141E6569BA00B8EDAD /* Debug */ = {
			isa = XCBuildConfiguration;
			buildSettings = {
				ALWAYS_SEARCH_USER_PATHS = NO;
				CLANG_ANALYZER_NONNULL = YES;
				CLANG_CXX_LANGUAGE_STANDARD = "gnu++0x";
				CLANG_CXX_LIBRARY = "libc++";
				CLANG_ENABLE_MODULES = YES;
				CLANG_ENABLE_OBJC_ARC = YES;
				CLANG_WARN_BOOL_CONVERSION = YES;
				CLANG_WARN_CONSTANT_CONVERSION = YES;
				CLANG_WARN_DIRECT_OBJC_ISA_USAGE = YES_ERROR;
				CLANG_WARN_DOCUMENTATION_COMMENTS = YES;
				CLANG_WARN_EMPTY_BODY = YES;
				CLANG_WARN_ENUM_CONVERSION = YES;
				CLANG_WARN_INFINITE_RECURSION = YES;
				CLANG_WARN_INT_CONVERSION = YES;
				CLANG_WARN_OBJC_ROOT_CLASS = YES_ERROR;
				CLANG_WARN_SUSPICIOUS_MOVE = YES;
				CLANG_WARN_UNREACHABLE_CODE = YES;
				CLANG_WARN__DUPLICATE_METHOD_MATCH = YES;
				"CODE_SIGN_IDENTITY[sdk=iphoneos*]" = "iPhone Developer";
				COPY_PHASE_STRIP = NO;
				DEBUG_INFORMATION_FORMAT = dwarf;
				ENABLE_STRICT_OBJC_MSGSEND = YES;
				ENABLE_TESTABILITY = YES;
				GCC_C_LANGUAGE_STANDARD = gnu99;
				GCC_DYNAMIC_NO_PIC = NO;
				GCC_NO_COMMON_BLOCKS = YES;
				GCC_OPTIMIZATION_LEVEL = 0;
				GCC_PREPROCESSOR_DEFINITIONS = (
					"DEBUG=1",
					"$(inherited)",
				);
				GCC_WARN_64_TO_32_BIT_CONVERSION = YES;
				GCC_WARN_ABOUT_RETURN_TYPE = YES_ERROR;
				GCC_WARN_UNDECLARED_SELECTOR = YES;
				GCC_WARN_UNINITIALIZED_AUTOS = YES_AGGRESSIVE;
				GCC_WARN_UNUSED_FUNCTION = YES;
				GCC_WARN_UNUSED_VARIABLE = YES;
				IPHONEOS_DEPLOYMENT_TARGET = 10.2;
				MTL_ENABLE_DEBUG_INFO = YES;
				ONLY_ACTIVE_ARCH = YES;
				SDKROOT = iphoneos;
			};
			name = Debug;
		};
		523626151E6569BA00B8EDAD /* Release */ = {
			isa = XCBuildConfiguration;
			buildSettings = {
				ALWAYS_SEARCH_USER_PATHS = NO;
				CLANG_ANALYZER_NONNULL = YES;
				CLANG_CXX_LANGUAGE_STANDARD = "gnu++0x";
				CLANG_CXX_LIBRARY = "libc++";
				CLANG_ENABLE_MODULES = YES;
				CLANG_ENABLE_OBJC_ARC = YES;
				CLANG_WARN_BOOL_CONVERSION = YES;
				CLANG_WARN_CONSTANT_CONVERSION = YES;
				CLANG_WARN_DIRECT_OBJC_ISA_USAGE = YES_ERROR;
				CLANG_WARN_DOCUMENTATION_COMMENTS = YES;
				CLANG_WARN_EMPTY_BODY = YES;
				CLANG_WARN_ENUM_CONVERSION = YES;
				CLANG_WARN_INFINITE_RECURSION = YES;
				CLANG_WARN_INT_CONVERSION = YES;
				CLANG_WARN_OBJC_ROOT_CLASS = YES_ERROR;
				CLANG_WARN_SUSPICIOUS_MOVE = YES;
				CLANG_WARN_UNREACHABLE_CODE = YES;
				CLANG_WARN__DUPLICATE_METHOD_MATCH = YES;
				"CODE_SIGN_IDENTITY[sdk=iphoneos*]" = "iPhone Developer";
				COPY_PHASE_STRIP = NO;
				DEBUG_INFORMATION_FORMAT = "dwarf-with-dsym";
				ENABLE_NS_ASSERTIONS = NO;
				ENABLE_STRICT_OBJC_MSGSEND = YES;
				GCC_C_LANGUAGE_STANDARD = gnu99;
				GCC_NO_COMMON_BLOCKS = YES;
				GCC_WARN_64_TO_32_BIT_CONVERSION = YES;
				GCC_WARN_ABOUT_RETURN_TYPE = YES_ERROR;
				GCC_WARN_UNDECLARED_SELECTOR = YES;
				GCC_WARN_UNINITIALIZED_AUTOS = YES_AGGRESSIVE;
				GCC_WARN_UNUSED_FUNCTION = YES;
				GCC_WARN_UNUSED_VARIABLE = YES;
				IPHONEOS_DEPLOYMENT_TARGET = 10.2;
				MTL_ENABLE_DEBUG_INFO = NO;
				SDKROOT = iphoneos;
				VALIDATE_PRODUCT = YES;
			};
			name = Release;
		};
		523626171E6569BA00B8EDAD /* Debug */ = {
			isa = XCBuildConfiguration;
			buildSettings = {
				ASSETCATALOG_COMPILER_APPICON_NAME = AppIcon;
				INFOPLIST_FILE = ZYSDrawboardDemo/Info.plist;
				LD_RUNPATH_SEARCH_PATHS = "$(inherited) @executable_path/Frameworks";
				PRODUCT_BUNDLE_IDENTIFIER = com.xxy.ZYSDrawboardDemo;
				PRODUCT_NAME = "$(TARGET_NAME)";
			};
			name = Debug;
		};
		523626181E6569BA00B8EDAD /* Release */ = {
			isa = XCBuildConfiguration;
			buildSettings = {
				ASSETCATALOG_COMPILER_APPICON_NAME = AppIcon;
				INFOPLIST_FILE = ZYSDrawboardDemo/Info.plist;
				LD_RUNPATH_SEARCH_PATHS = "$(inherited) @executable_path/Frameworks";
				PRODUCT_BUNDLE_IDENTIFIER = com.xxy.ZYSDrawboardDemo;
				PRODUCT_NAME = "$(TARGET_NAME)";
			};
			name = Release;
		};
/* End XCBuildConfiguration section */

/* Begin XCConfigurationList section */
		523625FA1E6569BA00B8EDAD /* Build configuration list for PBXProject "ZYSDrawboardDemo" */ = {
			isa = XCConfigurationList;
			buildConfigurations = (
				523626141E6569BA00B8EDAD /* Debug */,
				523626151E6569BA00B8EDAD /* Release */,
			);
			defaultConfigurationIsVisible = 0;
			defaultConfigurationName = Release;
		};
		523626161E6569BA00B8EDAD /* Build configuration list for PBXNativeTarget "ZYSDrawboardDemo" */ = {
			isa = XCConfigurationList;
			buildConfigurations = (
				523626171E6569BA00B8EDAD /* Debug */,
				523626181E6569BA00B8EDAD /* Release */,
			);
			defaultConfigurationIsVisible = 0;
		};
/* End XCConfigurationList section */
	};
	rootObject = 523625F71E6569BA00B8EDAD /* Project object */;
}
